{
    "_readme": [
        "This file locks the dependencies of your project to a known state",
        "Read more about it at http://getcomposer.org/doc/01-basic-usage.md#composer-lock-the-lock-file",
        "This file is @generated automatically"
    ],
    "hash": "2aa8f85f145e8f5ccfa9047df106043a",
    "packages": [
        {
            "name": "league/plates",
            "version": "3.1.0",
            "source": {
                "type": "git",
                "url": "https://github.com/thephpleague/plates.git",
                "reference": "c39d8fbcbeb07a0948d5e1cf8d78c6e1ef3e81a8"
            },
            "dist": {
                "type": "zip",
                "url": "https://api.github.com/repos/thephpleague/plates/zipball/c39d8fbcbeb07a0948d5e1cf8d78c6e1ef3e81a8",
                "reference": "c39d8fbcbeb07a0948d5e1cf8d78c6e1ef3e81a8",
                "shasum": ""
            },
            "require-dev": {
                "mikey179/vfsstream": "~1.4.0",
                "phpunit/phpunit": "~4.0",
                "squizlabs/php_codesniffer": "~1.5"
            },
            "type": "library",
            "extra": {
                "branch-alias": {
                    "dev-master": "3.0-dev"
                }
            },
            "autoload": {
                "psr-4": {
                    "League\\Plates\\": "src"
                }
            },
            "notification-url": "https://packagist.org/downloads/",
            "license": [
                "MIT"
            ],
            "authors": [
                {
                    "name": "Jonathan Reinink",
                    "email": "jonathan@reinink.ca",
                    "role": "Developer"
                }
            ],
            "description": "Plates, the native PHP template system that's fast, easy to use and easy to extend.",
            "homepage": "http://platesphp.com",
            "keywords": [
                "league",
                "package",
                "templates",
                "templating",
                "views"
            ],
            "time": "2014-10-21 12:06:12"
        },
        {
            "name": "symfony/process",
            "version": "v2.6.4",
            "target-dir": "Symfony/Component/Process",
            "source": {
                "type": "git",
                "url": "https://github.com/symfony/Process.git",
                "reference": "ecfc23e89d9967999fa5f60a1e9af7384396e9ae"
            },
            "dist": {
                "type": "zip",
                "url": "https://api.github.com/repos/symfony/Process/zipball/ecfc23e89d9967999fa5f60a1e9af7384396e9ae",
                "reference": "ecfc23e89d9967999fa5f60a1e9af7384396e9ae",
                "shasum": ""
            },
            "require": {
                "php": ">=5.3.3"
            },
            "type": "library",
            "extra": {
                "branch-alias": {
                    "dev-master": "2.6-dev"
                }
            },
            "autoload": {
                "psr-0": {
                    "Symfony\\Component\\Process\\": ""
                }
            },
            "notification-url": "https://packagist.org/downloads/",
            "license": [
                "MIT"
            ],
            "authors": [
                {
                    "name": "Symfony Community",
                    "homepage": "http://symfony.com/contributors"
                },
                {
                    "name": "Fabien Potencier",
                    "email": "fabien@symfony.com"
                }
            ],
            "description": "Symfony Process Component",
            "homepage": "http://symfony.com",
            "time": "2015-01-25 04:39:26"
        },
        {
            "name": "willdurand/nmap",
            "version": "v0.1.0",
            "source": {
                "type": "git",
                "url": "https://github.com/willdurand/nmap.git",
                "reference": "bfcdefad80d8cfa617c690355fc0df8aaf87a83b"
            },
            "dist": {
                "type": "zip",
                "url": "https://api.github.com/repos/willdurand/nmap/zipball/bfcdefad80d8cfa617c690355fc0df8aaf87a83b",
                "reference": "bfcdefad80d8cfa617c690355fc0df8aaf87a83b",
                "shasum": ""
            },
            "require": {
                "php": ">=5.3.0",
                "symfony/process": "~2.0"
            },
            "require-dev": {
                "phpunit/phpunit": "~3.7"
            },
            "type": "library",
            "autoload": {
                "psr-0": {
                    "Nmap": "src/"
                }
            },
            "notification-url": "https://packagist.org/downloads/",
            "license": [
                "MIT"
            ],
            "authors": [
                {
                    "name": "William Durand",
                    "email": "william.durand1@gmail.com"
                }
            ],
            "description": "nmap is a PHP wrapper for Nmap, a free security scanner for network exploration.",
            "time": "2014-08-07 23:46:41"
        }
    ],
    "packages-dev": [],
    "aliases": [],
    "minimum-stability": "stable",
    "stability-flags": [],
    "prefer-stable": false,
    "prefer-lowest": false,
    "platform": [],
    "platform-dev": []
}
